{
  "name": "@anio-software/pkg.is",
  "version": "0.0.2",
  "lockfileVersion": 3,
  "requires": true,
  "packages": {
    "": {
      "name": "@anio-software/pkg.is",
      "version": "0.0.2",
      "license": "MIT",
      "devDependencies": {
        "@anio-software/enkore": "^0.0.70",
        "@anio-software/enkore.core": "^0.10.0"
      }
    },
    "node_modules/@anio-software/enkore": {
      "version": "0.0.70",
      "resolved": "https://npm-registry.anio.software/@anio-software/enkore/-/enkore-0.0.70.tgz",
      "integrity": "sha512-HMLmrGXRCTSlGdtn7lJtVo2GhM00IdDjqU9D0WpQJhlXjKlokIxeoorKKzJPnxTSRjVa5zeOp3rItpnwC9pBGw==",
      "dev": true,
      "license": "MIT",
      "bin": {
        "enkore": "cli.mjs"
      }
    },
    "node_modules/@anio-software/enkore.core": {
      "version": "0.10.0",
      "resolved": "https://npm-registry.anio.software/@anio-software/enkore.core/-/enkore.core-0.10.0.tgz",
      "integrity": "sha512-AJEiFE7tpvNyL1OxYturRT4ioT8Ke5qrc8gnpJ3lYP5hk0f+di07URd9mCJNQXXA2vtxJgZIhLFUmUtDZR3Hug==",
      "dev": true,
      "license": "MIT"
    }
  }
}
