{
  "name": "@anio-software/pkg.is",
  "version": "0.0.4",
  "lockfileVersion": 3,
  "requires": true,
  "packages": {
    "": {
      "name": "@anio-software/pkg.is",
      "version": "0.0.4",
      "license": "MIT",
      "devDependencies": {
        "@anio-software/enkore": "^0.0.215",
        "@anio-software/enkore.core": "^0.13.1"
      }
    },
    "node_modules/@anio-software/enkore": {
      "version": "0.0.215",
      "resolved": "https://npm-registry.anio.software/@anio-software/enkore/-/enkore-0.0.215.tgz",
      "integrity": "sha512-/XJul/XNN/b6yKQkYuXKcr+M/2neKb2b+bWbHkAKaguyRvw3vzXxiFQ44Aaa26mzT39kq8O0poAIBOEMXo3PGg==",
      "dev": true,
      "license": "MIT",
      "bin": {
        "enkore": "bin/enkore.mjs"
      },
      "engines": {
        "node": ">=23.6.x"
      }
    },
    "node_modules/@anio-software/enkore.core": {
      "version": "0.13.1",
      "resolved": "https://npm-registry.anio.software/@anio-software/enkore.core/-/enkore.core-0.13.1.tgz",
      "integrity": "sha512-l9rf04AUQEbeA0jBa7OqHblJnw1K3xxPikV6jgcfwb+dDKRYR2mRz9ZitaHvuqj6O8anqVdboy5eDQak9ezG0g==",
      "dev": true,
      "license": "MIT",
      "engines": {
        "node": ">=23.6.x"
      }
    }
  }
}
